
Microsoft Visual Studio Solution File, Format Version 12.00
# Visual Studio 2013
VisualStudioVersion = 12.0.21005.1
MinimumVisualStudioVersion = 10.0.40219.1
Project("{FAE04EC0-301F-11D3-BF4B-00C04F79EFBC}") = "RecordStore", "RecordStore\RecordStore.csproj", "{69785CF9-3FDF-4D81-BE4F-5897553CCE0F}"
EndProject
Project("{FAE04EC0-301F-11D3-BF4B-00C04F79EFBC}") = "RecordStore.Tests", "RecordStore.Tests\RecordStore.Tests.csproj", "{D07BB0B1-3071-4A9B-A7C7-6A8A0163D9F0}"
EndProject
Global
	GlobalSection(SolutionConfigurationPlatforms) = preSolution
		Debug|Any CPU = Debug|Any CPU
		Release|Any CPU = Release|Any CPU
	EndGlobalSection
	GlobalSection(ProjectConfigurationPlatforms) = postSolution
		{69785CF9-3FDF-4D81-BE4F-5897553CCE0F}.Debug|Any CPU.ActiveCfg = Debug|Any CPU
		{69785CF9-3FDF-4D81-BE4F-5897553CCE0F}.Debug|Any CPU.Build.0 = Debug|Any CPU
		{69785CF9-3FDF-4D81-BE4F-5897553CCE0F}.Release|Any CPU.ActiveCfg = Release|Any CPU
		{69785CF9-3FDF-4D81-BE4F-5897553CCE0F}.Release|Any CPU.Build.0 = Release|Any CPU
		{D07BB0B1-3071-4A9B-A7C7-6A8A0163D9F0}.Debug|Any CPU.ActiveCfg = Debug|Any CPU
		{D07BB0B1-3071-4A9B-A7C7-6A8A0163D9F0}.Debug|Any CPU.Build.0 = Debug|Any CPU
		{D07BB0B1-3071-4A9B-A7C7-6A8A0163D9F0}.Release|Any CPU.ActiveCfg = Release|Any CPU
		{D07BB0B1-3071-4A9B-A7C7-6A8A0163D9F0}.Release|Any CPU.Build.0 = Release|Any CPU
	EndGlobalSection
	GlobalSection(SolutionProperties) = preSolution
		HideSolutionNode = FALSE
	EndGlobalSection
EndGlobal
